// !$*UTF8*$!
{
	archiveVersion = 1;
	classes = {
	};
	objectVersion = 55;
	objects = {

/* Begin PBXBuildFile section */
		997B775F6766878E9FBD8CCD /* Pods_TipsLand.framework in Frameworks */ = {isa = PBXBuildFile; fileRef = 78C8CDAA0BDC62F389894A01 /* Pods_TipsLand.framework */; };
		F20FC34828F2D72100360D96 /* ViewController.swift in Sources */ = {isa = PBXBuildFile; fileRef = F20FC34728F2D72100360D96 /* ViewController.swift */; };
		F2318CAC28F26CA100D0FD22 /* AppDelegate.swift in Sources */ = {isa = PBXBuildFile; fileRef = F2318CAB28F26CA100D0FD22 /* AppDelegate.swift */; };
		F2318CB328F26CA100D0FD22 /* Main.storyboard in Resources */ = {isa = PBXBuildFile; fileRef = F2318CB128F26CA100D0FD22 /* Main.storyboard */; };
		F2318CB528F26CA400D0FD22 /* Assets.xcassets in Resources */ = {isa = PBXBuildFile; fileRef = F2318CB428F26CA400D0FD22 /* Assets.xcassets */; };
		F2318CB828F26CA400D0FD22 /* LaunchScreen.storyboard in Resources */ = {isa = PBXBuildFile; fileRef = F2318CB628F26CA400D0FD22 /* LaunchScreen.storyboard */; };
		F2BE3CF728F2AA8400B6A5BC /* TipsLandBundle.bundle in Resources */ = {isa = PBXBuildFile; fileRef = F2BE3CF628F2AA8400B6A5BC /* TipsLandBundle.bundle */; };
		F2BEFCAF28F26D69009D39FD /* TipsLand.swift in Sources */ = {isa = PBXBuildFile; fileRef = F2BEFCAE28F26D69009D39FD /* TipsLand.swift */; };
		F2BEFCB228F27394009D39FD /* TipsLandView.swift in Sources */ = {isa = PBXBuildFile; fileRef = F2BEFCB128F27394009D39FD /* TipsLandView.swift */; };
		F2BEFCB428F27623009D39FD /* TipsLandHelper.swift in Sources */ = {isa = PBXBuildFile; fileRef = F2BEFCB328F27623009D39FD /* TipsLandHelper.swift */; };
/* End PBXBuildFile section */

/* Begin PBXFileReference section */
		367C241BFAE528C8A7B06B07 /* Pods-TipsLand.release.xcconfig */ = {isa = PBXFileReference; includeInIndex = 1; lastKnownFileType = text.xcconfig; name = "Pods-TipsLand.release.xcconfig"; path = "Target Support Files/Pods-TipsLand/Pods-TipsLand.release.xcconfig"; sourceTree = "<group>"; };
		78C8CDAA0BDC62F389894A01 /* Pods_TipsLand.framework */ = {isa = PBXFileReference; explicitFileType = wrapper.framework; includeInIndex = 0; path = Pods_TipsLand.framework; sourceTree = BUILT_PRODUCTS_DIR; };
		7B4C38873A6FB4D95F498829 /* Pods-TipsLand.debug.xcconfig */ = {isa = PBXFileReference; includeInIndex = 1; lastKnownFileType = text.xcconfig; name = "Pods-TipsLand.debug.xcconfig"; path = "Target Support Files/Pods-TipsLand/Pods-TipsLand.debug.xcconfig"; sourceTree = "<group>"; };
		F20FC34728F2D72100360D96 /* ViewController.swift */ = {isa = PBXFileReference; lastKnownFileType = sourcecode.swift; path = ViewController.swift; sourceTree = "<group>"; };
		F2318CA828F26CA100D0FD22 /* TipsLand.app */ = {isa = PBXFileReference; explicitFileType = wrapper.application; includeInIndex = 0; path = TipsLand.app; sourceTree = BUILT_PRODUCTS_DIR; };
		F2318CAB28F26CA100D0FD22 /* AppDelegate.swift */ = {isa = PBXFileReference; lastKnownFileType = sourcecode.swift; path = AppDelegate.swift; sourceTree = "<group>"; };
		F2318CB228F26CA100D0FD22 /* Base */ = {isa = PBXFileReference; lastKnownFileType = file.storyboard; name = Base; path = Base.lproj/Main.storyboard; sourceTree = "<group>"; };
		F2318CB428F26CA400D0FD22 /* Assets.xcassets */ = {isa = PBXFileReference; lastKnownFileType = folder.assetcatalog; path = Assets.xcassets; sourceTree = "<group>"; };
		F2318CB728F26CA400D0FD22 /* Base */ = {isa = PBXFileReference; lastKnownFileType = file.storyboard; name = Base; path = Base.lproj/LaunchScreen.storyboard; sourceTree = "<group>"; };
		F2318CB928F26CA400D0FD22 /* Info.plist */ = {isa = PBXFileReference; lastKnownFileType = text.plist.xml; path = Info.plist; sourceTree = "<group>"; };
		F2BE3CF628F2AA8400B6A5BC /* TipsLandBundle.bundle */ = {isa = PBXFileReference; lastKnownFileType = "wrapper.plug-in"; path = TipsLandBundle.bundle; sourceTree = "<group>"; };
		F2BEFCAE28F26D69009D39FD /* TipsLand.swift */ = {isa = PBXFileReference; lastKnownFileType = sourcecode.swift; path = TipsLand.swift; sourceTree = "<group>"; };
		F2BEFCB128F27394009D39FD /* TipsLandView.swift */ = {isa = PBXFileReference; lastKnownFileType = sourcecode.swift; path = TipsLandView.swift; sourceTree = "<group>"; };
		F2BEFCB328F27623009D39FD /* TipsLandHelper.swift */ = {isa = PBXFileReference; lastKnownFileType = sourcecode.swift; path = TipsLandHelper.swift; sourceTree = "<group>"; };
/* End PBXFileReference section */

/* Begin PBXFrameworksBuildPhase section */
		F2318CA528F26CA100D0FD22 /* Frameworks */ = {
			isa = PBXFrameworksBuildPhase;
			buildActionMask = 2147483647;
			files = (
				997B775F6766878E9FBD8CCD /* Pods_TipsLand.framework in Frameworks */,
			);
			runOnlyForDeploymentPostprocessing = 0;
		};
/* End PBXFrameworksBuildPhase section */

/* Begin PBXGroup section */
		23EC461D61219151EF992C78 /* Pods */ = {
			isa = PBXGroup;
			children = (
				7B4C38873A6FB4D95F498829 /* Pods-TipsLand.debug.xcconfig */,
				367C241BFAE528C8A7B06B07 /* Pods-TipsLand.release.xcconfig */,
			);
			path = Pods;
			sourceTree = "<group>";
		};
		91A2B258EF341A6072FA73E4 /* Frameworks */ = {
			isa = PBXGroup;
			children = (
				78C8CDAA0BDC62F389894A01 /* Pods_TipsLand.framework */,
			);
			name = Frameworks;
			sourceTree = "<group>";
		};
		F2318C9F28F26CA100D0FD22 = {
			isa = PBXGroup;
			children = (
				F2318CAA28F26CA100D0FD22 /* TipsLand */,
				F2318CA928F26CA100D0FD22 /* Products */,
				23EC461D61219151EF992C78 /* Pods */,
				91A2B258EF341A6072FA73E4 /* Frameworks */,
			);
			sourceTree = "<group>";
		};
		F2318CA928F26CA100D0FD22 /* Products */ = {
			isa = PBXGroup;
			children = (
				F2318CA828F26CA100D0FD22 /* TipsLand.app */,
			);
			name = Products;
			sourceTree = "<group>";
		};
		F2318CAA28F26CA100D0FD22 /* TipsLand */ = {
			isa = PBXGroup;
			children = (
				F2BEFCB028F26D6E009D39FD /* TipsLand */,
				F2318CAB28F26CA100D0FD22 /* AppDelegate.swift */,
				F20FC34728F2D72100360D96 /* ViewController.swift */,
				F2318CB128F26CA100D0FD22 /* Main.storyboard */,
				F2318CB428F26CA400D0FD22 /* Assets.xcassets */,
				F2318CB628F26CA400D0FD22 /* LaunchScreen.storyboard */,
				F2318CB928F26CA400D0FD22 /* Info.plist */,
			);
			path = TipsLand;
			sourceTree = "<group>";
		};
		F2BEFCB028F26D6E009D39FD /* TipsLand */ = {
			isa = PBXGroup;
			children = (
				F2BE3CF628F2AA8400B6A5BC /* TipsLandBundle.bundle */,
				F2BEFCAE28F26D69009D39FD /* TipsLand.swift */,
				F2BEFCB128F27394009D39FD /* TipsLandView.swift */,
				F2BEFCB328F27623009D39FD /* TipsLandHelper.swift */,
			);
			path = TipsLand;
			sourceTree = "<group>";
		};
/* End PBXGroup section */

/* Begin PBXNativeTarget section */
		F2318CA728F26CA100D0FD22 /* TipsLand */ = {
			isa = PBXNativeTarget;
			buildConfigurationList = F2318CBC28F26CA400D0FD22 /* Build configuration list for PBXNativeTarget "TipsLand" */;
			buildPhases = (
				F5979857742443B2722C9692 /* [CP] Check Pods Manifest.lock */,
				F2318CA428F26CA100D0FD22 /* Sources */,
				F2318CA528F26CA100D0FD22 /* Frameworks */,
				F2318CA628F26CA100D0FD22 /* Resources */,
				800D928B0ADD20BEBC88B8ED /* [CP] Embed Pods Frameworks */,
			);
			buildRules = (
			);
			dependencies = (
			);
			name = TipsLand;
			productName = TipsLand;
			productReference = F2318CA828F26CA100D0FD22 /* TipsLand.app */;
			productType = "com.apple.product-type.application";
		};
/* End PBXNativeTarget section */

/* Begin PBXProject section */
		F2318CA028F26CA100D0FD22 /* Project object */ = {
			isa = PBXProject;
			attributes = {
				BuildIndependentTargetsInParallel = 1;
				LastSwiftUpdateCheck = 1340;
				LastUpgradeCheck = 1340;
				TargetAttributes = {
					F2318CA728F26CA100D0FD22 = {
						CreatedOnToolsVersion = 13.4.1;
					};
				};
			};
			buildConfigurationList = F2318CA328F26CA100D0FD22 /* Build configuration list for PBXProject "TipsLand" */;
			compatibilityVersion = "Xcode 13.0";
			developmentRegion = en;
			hasScannedForEncodings = 0;
			knownRegions = (
				en,
				Base,
			);
			mainGroup = F2318C9F28F26CA100D0FD22;
			productRefGroup = F2318CA928F26CA100D0FD22 /* Products */;
			projectDirPath = "";
			projectRoot = "";
			targets = (
				F2318CA728F26CA100D0FD22 /* TipsLand */,
			);
		};
/* End PBXProject section */

/* Begin PBXResourcesBuildPhase section */
		F2318CA628F26CA100D0FD22 /* Resources */ = {
			isa = PBXResourcesBuildPhase;
			buildActionMask = 2147483647;
			files = (
				F2318CB828F26CA400D0FD22 /* LaunchScreen.storyboard in Resources */,
				F2318CB528F26CA400D0FD22 /* Assets.xcassets in Resources */,
				F2BE3CF728F2AA8400B6A5BC /* TipsLandBundle.bundle in Resources */,
				F2318CB328F26CA100D0FD22 /* Main.storyboard in Resources */,
			);
			runOnlyForDeploymentPostprocessing = 0;
		};
/* End PBXResourcesBuildPhase section */

/* Begin PBXShellScriptBuildPhase section */
		800D928B0ADD20BEBC88B8ED /* [CP] Embed Pods Frameworks */ = {
			isa = PBXShellScriptBuildPhase;
			buildActionMask = 2147483647;
			files = (
			);
			inputFileListPaths = (
				"${PODS_ROOT}/Target Support Files/Pods-TipsLand/Pods-TipsLand-frameworks-${CONFIGURATION}-input-files.xcfilelist",
			);
			name = "[CP] Embed Pods Frameworks";
			outputFileListPaths = (
				"${PODS_ROOT}/Target Support Files/Pods-TipsLand/Pods-TipsLand-frameworks-${CONFIGURATION}-output-files.xcfilelist",
			);
			runOnlyForDeploymentPostprocessing = 0;
			shellPath = /bin/sh;
			shellScript = "\"${PODS_ROOT}/Target Support Files/Pods-TipsLand/Pods-TipsLand-frameworks.sh\"\n";
			showEnvVarsInLog = 0;
		};
		F5979857742443B2722C9692 /* [CP] Check Pods Manifest.lock */ = {
			isa = PBXShellScriptBuildPhase;
			buildActionMask = 2147483647;
			files = (
			);
			inputFileListPaths = (
			);
			inputPaths = (
				"${PODS_PODFILE_DIR_PATH}/Podfile.lock",
				"${PODS_ROOT}/Manifest.lock",
			);
			name = "[CP] Check Pods Manifest.lock";
			outputFileListPaths = (
			);
			outputPaths = (
				"$(DERIVED_FILE_DIR)/Pods-TipsLand-checkManifestLockResult.txt",
			);
			runOnlyForDeploymentPostprocessing = 0;
			shellPath = /bin/sh;
			shellScript = "diff \"${PODS_PODFILE_DIR_PATH}/Podfile.lock\" \"${PODS_ROOT}/Manifest.lock\" > /dev/null\nif [ $? != 0 ] ; then\n    # print error to STDERR\n    echo \"error: The sandbox is not in sync with the Podfile.lock. Run 'pod install' or update your CocoaPods installation.\" >&2\n    exit 1\nfi\n# This output is used by Xcode 'outputs' to avoid re-running this script phase.\necho \"SUCCESS\" > \"${SCRIPT_OUTPUT_FILE_0}\"\n";
			showEnvVarsInLog = 0;
		};
/* End PBXShellScriptBuildPhase section */

/* Begin PBXSourcesBuildPhase section */
		F2318CA428F26CA100D0FD22 /* Sources */ = {
			isa = PBXSourcesBuildPhase;
			buildActionMask = 2147483647;
			files = (
				F20FC34828F2D72100360D96 /* ViewController.swift in Sources */,
				F2BEFCAF28F26D69009D39FD /* TipsLand.swift in Sources */,
				F2BEFCB428F27623009D39FD /* TipsLandHelper.swift in Sources */,
				F2318CAC28F26CA100D0FD22 /* AppDelegate.swift in Sources */,
				F2BEFCB228F27394009D39FD /* TipsLandView.swift in Sources */,
			);
			runOnlyForDeploymentPostprocessing = 0;
		};
/* End PBXSourcesBuildPhase section */

/* Begin PBXVariantGroup section */
		F2318CB128F26CA100D0FD22 /* Main.storyboard */ = {
			isa = PBXVariantGroup;
			children = (
				F2318CB228F26CA100D0FD22 /* Base */,
			);
			name = Main.storyboard;
			sourceTree = "<group>";
		};
		F2318CB628F26CA400D0FD22 /* LaunchScreen.storyboard */ = {
			isa = PBXVariantGroup;
			children = (
				F2318CB728F26CA400D0FD22 /* Base */,
			);
			name = LaunchScreen.storyboard;
			sourceTree = "<group>";
		};
/* End PBXVariantGroup section */

/* Begin XCBuildConfiguration section */
		F2318CBA28F26CA400D0FD22 /* Debug */ = {
			isa = XCBuildConfiguration;
			buildSettings = {
				ALWAYS_SEARCH_USER_PATHS = NO;
				CLANG_ANALYZER_NONNULL = YES;
				CLANG_ANALYZER_NUMBER_OBJECT_CONVERSION = YES_AGGRESSIVE;
				CLANG_CXX_LANGUAGE_STANDARD = "gnu++17";
				CLANG_ENABLE_MODULES = YES;
				CLANG_ENABLE_OBJC_ARC = YES;
				CLANG_ENABLE_OBJC_WEAK = YES;
				CLANG_WARN_BLOCK_CAPTURE_AUTORELEASING = YES;
				CLANG_WARN_BOOL_CONVERSION = YES;
				CLANG_WARN_COMMA = YES;
				CLANG_WARN_CONSTANT_CONVERSION = YES;
				CLANG_WARN_DEPRECATED_OBJC_IMPLEMENTATIONS = YES;
				CLANG_WARN_DIRECT_OBJC_ISA_USAGE = YES_ERROR;
				CLANG_WARN_DOCUMENTATION_COMMENTS = YES;
				CLANG_WARN_EMPTY_BODY = YES;
				CLANG_WARN_ENUM_CONVERSION = YES;
				CLANG_WARN_INFINITE_RECURSION = YES;
				CLANG_WARN_INT_CONVERSION = YES;
				CLANG_WARN_NON_LITERAL_NULL_CONVERSION = YES;
				CLANG_WARN_OBJC_IMPLICIT_RETAIN_SELF = YES;
				CLANG_WARN_OBJC_LITERAL_CONVERSION = YES;
				CLANG_WARN_OBJC_ROOT_CLASS = YES_ERROR;
				CLANG_WARN_QUOTED_INCLUDE_IN_FRAMEWORK_HEADER = YES;
				CLANG_WARN_RANGE_LOOP_ANALYSIS = YES;
				CLANG_WARN_STRICT_PROTOTYPES = YES;
				CLANG_WARN_SUSPICIOUS_MOVE = YES;
				CLANG_WARN_UNGUARDED_AVAILABILITY = YES_AGGRESSIVE;
				CLANG_WARN_UNREACHABLE_CODE = YES;
				CLANG_WARN__DUPLICATE_METHOD_MATCH = YES;
				COPY_PHASE_STRIP = NO;
				DEBUG_INFORMATION_FORMAT = dwarf;
				ENABLE_STRICT_OBJC_MSGSEND = YES;
				ENABLE_TESTABILITY = YES;
				GCC_C_LANGUAGE_STANDARD = gnu11;
				GCC_DYNAMIC_NO_PIC = NO;
				GCC_NO_COMMON_BLOCKS = YES;
				GCC_OPTIMIZATION_LEVEL = 0;
				GCC_PREPROCESSOR_DEFINITIONS = (
					"DEBUG=1",
					"$(inherited)",
				);
				GCC_WARN_64_TO_32_BIT_CONVERSION = YES;
				GCC_WARN_ABOUT_RETURN_TYPE = YES_ERROR;
				GCC_WARN_UNDECLARED_SELECTOR = YES;
				GCC_WARN_UNINITIALIZED_AUTOS = YES_AGGRESSIVE;
				GCC_WARN_UNUSED_FUNCTION = YES;
				GCC_WARN_UNUSED_VARIABLE = YES;
				IPHONEOS_DEPLOYMENT_TARGET = 15.5;
				MTL_ENABLE_DEBUG_INFO = INCLUDE_SOURCE;
				MTL_FAST_MATH = YES;
				ONLY_ACTIVE_ARCH = YES;
				SDKROOT = iphoneos;
				SWIFT_ACTIVE_COMPILATION_CONDITIONS = DEBUG;
				SWIFT_OPTIMIZATION_LEVEL = "-Onone";
			};
			name = Debug;
		};
		F2318CBB28F26CA400D0FD22 /* Release */ = {
			isa = XCBuildConfiguration;
			buildSettings = {
				ALWAYS_SEARCH_USER_PATHS = NO;
				CLANG_ANALYZER_NONNULL = YES;
				CLANG_ANALYZER_NUMBER_OBJECT_CONVERSION = YES_AGGRESSIVE;
				CLANG_CXX_LANGUAGE_STANDARD = "gnu++17";
				CLANG_ENABLE_MODULES = YES;
				CLANG_ENABLE_OBJC_ARC = YES;
				CLANG_ENABLE_OBJC_WEAK = YES;
				CLANG_WARN_BLOCK_CAPTURE_AUTORELEASING = YES;
				CLANG_WARN_BOOL_CONVERSION = YES;
				CLANG_WARN_COMMA = YES;
				CLANG_WARN_CONSTANT_CONVERSION = YES;
				CLANG_WARN_DEPRECATED_OBJC_IMPLEMENTATIONS = YES;
				CLANG_WARN_DIRECT_OBJC_ISA_USAGE = YES_ERROR;
				CLANG_WARN_DOCUMENTATION_COMMENTS = YES;
				CLANG_WARN_EMPTY_BODY = YES;
				CLANG_WARN_ENUM_CONVERSION = YES;
				CLANG_WARN_INFINITE_RECURSION = YES;
				CLANG_WARN_INT_CONVERSION = YES;
				CLANG_WARN_NON_LITERAL_NULL_CONVERSION = YES;
				CLANG_WARN_OBJC_IMPLICIT_RETAIN_SELF = YES;
				CLANG_WARN_OBJC_LITERAL_CONVERSION = YES;
				CLANG_WARN_OBJC_ROOT_CLASS = YES_ERROR;
				CLANG_WARN_QUOTED_INCLUDE_IN_FRAMEWORK_HEADER = YES;
				CLANG_WARN_RANGE_LOOP_ANALYSIS = YES;
				CLANG_WARN_STRICT_PROTOTYPES = YES;
				CLANG_WARN_SUSPICIOUS_MOVE = YES;
				CLANG_WARN_UNGUARDED_AVAILABILITY = YES_AGGRESSIVE;
				CLANG_WARN_UNREACHABLE_CODE = YES;
				CLANG_WARN__DUPLICATE_METHOD_MATCH = YES;
				COPY_PHASE_STRIP = NO;
				DEBUG_INFORMATION_FORMAT = "dwarf-with-dsym";
				ENABLE_NS_ASSERTIONS = NO;
				ENABLE_STRICT_OBJC_MSGSEND = YES;
				GCC_C_LANGUAGE_STANDARD = gnu11;
				GCC_NO_COMMON_BLOCKS = YES;
				GCC_WARN_64_TO_32_BIT_CONVERSION = YES;
				GCC_WARN_ABOUT_RETURN_TYPE = YES_ERROR;
				GCC_WARN_UNDECLARED_SELECTOR = YES;
				GCC_WARN_UNINITIALIZED_AUTOS = YES_AGGRESSIVE;
				GCC_WARN_UNUSED_FUNCTION = YES;
				GCC_WARN_UNUSED_VARIABLE = YES;
				IPHONEOS_DEPLOYMENT_TARGET = 15.5;
				MTL_ENABLE_DEBUG_INFO = NO;
				MTL_FAST_MATH = YES;
				SDKROOT = iphoneos;
				SWIFT_COMPILATION_MODE = wholemodule;
				SWIFT_OPTIMIZATION_LEVEL = "-O";
				VALIDATE_PRODUCT = YES;
			};
			name = Release;
		};
		F2318CBD28F26CA400D0FD22 /* Debug */ = {
			isa = XCBuildConfiguration;
			baseConfigurationReference = 7B4C38873A6FB4D95F498829 /* Pods-TipsLand.debug.xcconfig */;
			buildSettings = {
				ASSETCATALOG_COMPILER_APPICON_NAME = AppIcon;
				ASSETCATALOG_COMPILER_GLOBAL_ACCENT_COLOR_NAME = AccentColor;
				CODE_SIGN_STYLE = Automatic;
				CURRENT_PROJECT_VERSION = 1;
				DEVELOPMENT_TEAM = Z7CCF4GU6C;
				GENERATE_INFOPLIST_FILE = YES;
				INFOPLIST_FILE = TipsLand/Info.plist;
				INFOPLIST_KEY_UIApplicationSupportsIndirectInputEvents = YES;
				INFOPLIST_KEY_UILaunchStoryboardName = LaunchScreen;
				INFOPLIST_KEY_UIMainStoryboardFile = Main;
				INFOPLIST_KEY_UIRequiresFullScreen = YES;
				INFOPLIST_KEY_UISupportedInterfaceOrientations_iPad = "UIInterfaceOrientationPortrait UIInterfaceOrientationPortraitUpsideDown UIInterfaceOrientationLandscapeLeft UIInterfaceOrientationLandscapeRight";
				INFOPLIST_KEY_UISupportedInterfaceOrientations_iPhone = "UIInterfaceOrientationPortrait UIInterfaceOrientationLandscapeLeft UIInterfaceOrientationLandscapeRight";
				IPHONEOS_DEPLOYMENT_TARGET = 15.0;
				LD_RUNPATH_SEARCH_PATHS = (
					"$(inherited)",
					"@executable_path/Frameworks",
				);
				MARKETING_VERSION = 1.0;
				PRODUCT_BUNDLE_IDENTIFIER = com.JunHong.TipsLand;
				PRODUCT_NAME = "$(TARGET_NAME)";
				SWIFT_EMIT_LOC_STRINGS = YES;
				SWIFT_VERSION = 5.0;
				TARGETED_DEVICE_FAMILY = "1,2";
			};
			name = Debug;
		};
		F2318CBE28F26CA400D0FD22 /* Release */ = {
			isa = XCBuildConfiguration;
			baseConfigurationReference = 367C241BFAE528C8A7B06B07 /* Pods-TipsLand.release.xcconfig */;
			buildSettings = {
				ASSETCATALOG_COMPILER_APPICON_NAME = AppIcon;
				ASSETCATALOG_COMPILER_GLOBAL_ACCENT_COLOR_NAME = AccentColor;
				CODE_SIGN_STYLE = Automatic;
				CURRENT_PROJECT_VERSION = 1;
				DEVELOPMENT_TEAM = Z7CCF4GU6C;
				GENERATE_INFOPLIST_FILE = YES;
				INFOPLIST_FILE = TipsLand/Info.plist;
				INFOPLIST_KEY_UIApplicationSupportsIndirectInputEvents = YES;
				INFOPLIST_KEY_UILaunchStoryboardName = LaunchScreen;
				INFOPLIST_KEY_UIMainStoryboardFile = Main;
				INFOPLIST_KEY_UIRequiresFullScreen = YES;
				INFOPLIST_KEY_UISupportedInterfaceOrientations_iPad = "UIInterfaceOrientationPortrait UIInterfaceOrientationPortraitUpsideDown UIInterfaceOrientationLandscapeLeft UIInterfaceOrientationLandscapeRight";
				INFOPLIST_KEY_UISupportedInterfaceOrientations_iPhone = "UIInterfaceOrientationPortrait UIInterfaceOrientationLandscapeLeft UIInterfaceOrientationLandscapeRight";
				IPHONEOS_DEPLOYMENT_TARGET = 15.0;
				LD_RUNPATH_SEARCH_PATHS = (
					"$(inherited)",
					"@executable_path/Frameworks",
				);
				MARKETING_VERSION = 1.0;
				PRODUCT_BUNDLE_IDENTIFIER = com.JunHong.TipsLand;
				PRODUCT_NAME = "$(TARGET_NAME)";
				SWIFT_EMIT_LOC_STRINGS = YES;
				SWIFT_VERSION = 5.0;
				TARGETED_DEVICE_FAMILY = "1,2";
			};
			name = Release;
		};
/* End XCBuildConfiguration section */

/* Begin XCConfigurationList section */
		F2318CA328F26CA100D0FD22 /* Build configuration list for PBXProject "TipsLand" */ = {
			isa = XCConfigurationList;
			buildConfigurations = (
				F2318CBA28F26CA400D0FD22 /* Debug */,
				F2318CBB28F26CA400D0FD22 /* Release */,
			);
			defaultConfigurationIsVisible = 0;
			defaultConfigurationName = Release;
		};
		F2318CBC28F26CA400D0FD22 /* Build configuration list for PBXNativeTarget "TipsLand" */ = {
			isa = XCConfigurationList;
			buildConfigurations = (
				F2318CBD28F26CA400D0FD22 /* Debug */,
				F2318CBE28F26CA400D0FD22 /* Release */,
			);
			defaultConfigurationIsVisible = 0;
			defaultConfigurationName = Release;
		};
/* End XCConfigurationList section */
	};
	rootObject = F2318CA028F26CA100D0FD22 /* Project object */;
}
